{
  "name": "application-name",
  "version": "0.0.1",
  "dependencies": {
    "express": {
      "version": "3.0.6",
      "from": "express@3.0.6",
      "dependencies": {
        "buffer-crc32": {
          "version": "0.1.1",
          "from": "buffer-crc32@0.1.1"
        },
        "commander": {
          "version": "0.6.1",
          "from": "commander@0.6.1"
        },
        "connect": {
          "version": "2.7.2",
          "from": "connect@2.7.2",
          "dependencies": {
            "bytes": {
              "version": "0.1.0",
              "from": "bytes@0.1.0"
            },
            "formidable": {
              "version": "1.0.11",
              "from": "formidable@1.0.11"
            },
            "pause": {
              "version": "0.0.1",
              "from": "pause@0.0.1"
            },
            "qs": {
              "version": "0.5.1",
              "from": "qs@0.5.1"
            }
          }
        },
        "cookie": {
          "version": "0.0.5",
          "from": "cookie@0.0.5"
        },
        "cookie-signature": {
          "version": "0.0.1",
          "from": "cookie-signature@0.0.1"
        },
        "debug": {
          "version": "0.7.0",
          "from": "debug@*"
        },
        "fresh": {
          "version": "0.1.0",
          "from": "fresh@0.1.0"
        },
        "methods": {
          "version": "0.0.1",
          "from": "methods@0.0.1"
        },
        "mkdirp": {
          "version": "0.3.3",
          "from": "mkdirp@0.3.3"
        },
        "range-parser": {
          "version": "0.0.4",
          "from": "range-parser@0.0.4"
        },
        "send": {
          "version": "0.1.0",
          "from": "send@0.1.0",
          "dependencies": {
            "mime": {
              "version": "1.2.6",
              "from": "mime@1.2.6"
            }
          }
        }
      }
    },
    "hjs": {
      "version": "0.0.4",
      "from": "hjs@*",
      "dependencies": {
        "hogan.js": {
          "version": "2.0.0",
          "from": "hogan.js@>=2.0.0"
        }
      }
    },
    "less-middleware": {
      "version": "0.1.9",
      "from": "less-middleware@*",
      "dependencies": {
        "less": {
          "version": "1.3.3",
          "from": "less@>= 1.3.0",
          "dependencies": {
            "ycssmin": {
              "version": "1.0.1",
              "from": "ycssmin@>=1.0.1"
            }
          }
        },
        "mkdirp": {
          "version": "0.3.4",
          "from": "mkdirp@>= 0.3.1"
        }
      }
    },
    "sitemap": {
      "version": "1.6.0",
      "from": "sitemap@latest",
      "resolved": "https://registry.npmjs.org/sitemap/-/sitemap-1.6.0.tgz",
      "dependencies": {
        "url-join": {
          "version": "1.1.0",
          "from": "url-join@>=1.1.0 <2.0.0",
          "resolved": "https://registry.npmjs.org/url-join/-/url-join-1.1.0.tgz"
        }
      }
    },
    "stable": {
      "version": "0.1.5",
      "from": "stable@latest",
      "resolved": "https://registry.npmjs.org/stable/-/stable-0.1.5.tgz"
    },
    "underscore": {
      "version": "1.8.3",
      "from": "underscore@latest",
      "resolved": "https://registry.npmjs.org/underscore/-/underscore-1.8.3.tgz"
    },
    "url-join": {
      "version": "0.0.1",
      "from": "url-join@0.0.1",
      "resolved": "https://registry.npmjs.org/url-join/-/url-join-0.0.1.tgz"
    }
  }
}
